
Microsoft Visual Studio Solution File, Format Version 12.00
Project("{FAE04EC0-301F-11D3-BF4B-00C04F79EFBC}") = "DevToolsUI", "DevToolsUI\DevToolsUI.csproj", "{E54DE870-B3F6-477D-9D3B-DE89CF965C16}"
EndProject
Global
	GlobalSection(SolutionConfigurationPlatforms) = preSolution
		Debug|Any CPU = Debug|Any CPU
		Release|Any CPU = Release|Any CPU
	EndGlobalSection
	GlobalSection(ProjectConfigurationPlatforms) = postSolution
		{E54DE870-B3F6-477D-9D3B-DE89CF965C16}.Debug|Any CPU.ActiveCfg = Debug|Any CPU
		{E54DE870-B3F6-477D-9D3B-DE89CF965C16}.Debug|Any CPU.Build.0 = Debug|Any CPU
		{E54DE870-B3F6-477D-9D3B-DE89CF965C16}.Release|Any CPU.ActiveCfg = Release|Any CPU
		{E54DE870-B3F6-477D-9D3B-DE89CF965C16}.Release|Any CPU.Build.0 = Release|Any CPU
	EndGlobalSection
EndGlobal
